
Microsoft Visual Studio Solution File, Format Version 12.00
# Visual Studio 15
VisualStudioVersion = 15.0.28307.271
MinimumVisualStudioVersion = 10.0.40219.1
Project("{9A19103F-16F7-4668-BE54-9A1E7A4F7556}") = "WebApplication1", "WebApplication1\WebApplication1.csproj", "{71BA580A-7EB3-457D-BB9F-1FA50562ED95}"
EndProject
Project("{E53339B2-1760-4266-BCC7-CA923CBCF16C}") = "docker-compose", "docker-compose.dcproj", "{271B4D95-857F-4CC5-B4F0-B760556B65B7}"
EndProject
Global
	GlobalSection(SolutionConfigurationPlatforms) = preSolution
		Debug|Any CPU = Debug|Any CPU
		Release|Any CPU = Release|Any CPU
	EndGlobalSection
	GlobalSection(ProjectConfigurationPlatforms) = postSolution
		{71BA580A-7EB3-457D-BB9F-1FA50562ED95}.Debug|Any CPU.ActiveCfg = Debug|Any CPU
		{71BA580A-7EB3-457D-BB9F-1FA50562ED95}.Debug|Any CPU.Build.0 = Debug|Any CPU
		{71BA580A-7EB3-457D-BB9F-1FA50562ED95}.Release|Any CPU.ActiveCfg = Release|Any CPU
		{71BA580A-7EB3-457D-BB9F-1FA50562ED95}.Release|Any CPU.Build.0 = Release|Any CPU
		{271B4D95-857F-4CC5-B4F0-B760556B65B7}.Debug|Any CPU.ActiveCfg = Debug|Any CPU
		{271B4D95-857F-4CC5-B4F0-B760556B65B7}.Debug|Any CPU.Build.0 = Debug|Any CPU
		{271B4D95-857F-4CC5-B4F0-B760556B65B7}.Release|Any CPU.ActiveCfg = Release|Any CPU
		{271B4D95-857F-4CC5-B4F0-B760556B65B7}.Release|Any CPU.Build.0 = Release|Any CPU
	EndGlobalSection
	GlobalSection(SolutionProperties) = preSolution
		HideSolutionNode = FALSE
	EndGlobalSection
	GlobalSection(ExtensibilityGlobals) = postSolution
		SolutionGuid = {F9C0DDFA-7D2A-4AD9-9617-3273E36BA34F}
	EndGlobalSection
EndGlobal
